<?xml version="1.0" encoding="utf-8"?>
<Project ToolsVersion="4.0" xmlns="http://schemas.microsoft.com/developer/msbuild/2003">
  <ItemGroup>
    <Filter Include="Исходные файлы">
      <UniqueIdentifier>{4FC737F1-C7A5-4376-A066-2A32D752A2FF}</UniqueIdentifier>
      <Extensions>cpp;c;cc;cxx;def;odl;idl;hpj;bat;asm;asmx</Extensions>
    </Filter>
    <Filter Include="Файлы заголовков">
      <UniqueIdentifier>{93995380-89BD-4b04-88EB-625FBE52EBFB}</UniqueIdentifier>
      <Extensions>h;hh;hpp;hxx;hm;inl;inc;xsd</Extensions>
    </Filter>
    <Filter Include="Файлы ресурсов">
      <UniqueIdentifier>{67DA6AB6-F800-4c08-8B7A-83BB121AAD01}</UniqueIdentifier>
      <Extensions>rc;ico;cur;bmp;dlg;rc2;rct;bin;rgs;gif;jpg;jpeg;jpe;resx;tiff;tif;png;wav;mfcribbon-ms</Extensions>
    </Filter>
  </ItemGroup>
  <ItemGroup>
    <ClInclude Include="stdafx.h">
      <Filter>Файлы заголовков</Filter>
    </ClInclude>
    <ClInclude Include="targetver.h">
      <Filter>Файлы заголовков</Filter>
    </ClInclude>
    <ClInclude Include="Class.h">
      <Filter>Файлы заголовков</Filter>
    </ClInclude>
    <ClInclude Include="NewWind.h">
      <Filter>Файлы заголовков</Filter>
    </ClInclude>
    <ClInclude Include="resource.h">
      <Filter>Файлы заголовков</Filter>
    </ClInclude>
  </ItemGroup>
  <ItemGroup>
    <ClCompile Include="stdafx.cpp">
      <Filter>Исходные файлы</Filter>
    </ClCompile>
    <ClCompile Include="DialogAuthor.cpp">
      <Filter>Исходные файлы</Filter>
    </ClCompile>
    <ClCompile Include="DialogMain.cpp">
      <Filter>Исходные файлы</Filter>
    </ClCompile>
    <ClCompile Include="Game.cpp">
      <Filter>Исходные файлы</Filter>
    </ClCompile>
    <ClCompile Include="WindMain.cpp">
      <Filter>Исходные файлы</Filter>
    </ClCompile>
    <ClCompile Include="DialogEdit.cpp">
      <Filter>Исходные файлы</Filter>
    </ClCompile>
    <ClCompile Include="DialogAboutProgram.cpp">
      <Filter>Исходные файлы</Filter>
    </ClCompile>
    <ClCompile Include="DialogRules.cpp">
      <Filter>Исходные файлы</Filter>
    </ClCompile>
  </ItemGroup>
  <ItemGroup>
    <ResourceCompile Include="GAME_RC.rc">
      <Filter>Файлы ресурсов</Filter>
    </ResourceCompile>
  </ItemGroup>
  <ItemGroup>
    <Image Include="..\..\..\..\Downloads\Icons8-Windows-8-Science-Math.ico">
      <Filter>Файлы ресурсов</Filter>
    </Image>
    <Image Include="..\..\..\..\Downloads\Icons8-Ios7-User-Interface-Password.ico">
      <Filter>Файлы ресурсов</Filter>
    </Image>
    <Image Include="..\..\..\..\Desktop\PLAY_BUTTON.bmp">
      <Filter>Файлы ресурсов</Filter>
    </Image>
    <Image Include="..\..\..\..\Desktop\HIGHSCORES.bmp">
      <Filter>Файлы ресурсов</Filter>
    </Image>
    <Image Include="..\..\..\..\Desktop\back_button.bmp">
      <Filter>Файлы ресурсов</Filter>
    </Image>
    <Image Include="..\..\..\..\Desktop\qwerty.bmp">
      <Filter>Файлы ресурсов</Filter>
    </Image>
    <Image Include="..\..\..\..\Desktop\end.bmp">
      <Filter>Файлы ресурсов</Filter>
    </Image>
    <Image Include="..\..\..\..\Desktop\BUTTON_PLUS.bmp">
      <Filter>Файлы ресурсов</Filter>
    </Image>
    <Image Include="..\..\..\..\Desktop\BUTTON_MINUS.bmp">
      <Filter>Файлы ресурсов</Filter>
    </Image>
    <Image Include="..\..\..\..\Desktop\game_over.bmp">
      <Filter>Файлы ресурсов</Filter>
    </Image>
    <Image Include="..\..\..\..\Desktop\back_to_menu.bmp">
      <Filter>Файлы ресурсов</Filter>
    </Image>
    <Image Include="..\..\..\..\Desktop\BUTTON_MINUS.png">
      <Filter>Файлы ресурсов</Filter>
    </Image>
    <Image Include="..\..\..\..\Desktop\plus_but_stick.bmp">
      <Filter>Файлы ресурсов</Filter>
    </Image>
    <Image Include="..\..\..\..\Desktop\plus.bmp">
      <Filter>Файлы ресурсов</Filter>
    </Image>
    <Image Include="..\..\..\..\Desktop\multiply.bmp">
      <Filter>Файлы ресурсов</Filter>
    </Image>
    <Image Include="..\..\..\..\Desktop\m_b.bmp">
      <Filter>Файлы ресурсов</Filter>
    </Image>
    <Image Include="..\..\..\..\Desktop\minus.bmp">
      <Filter>Файлы ресурсов</Filter>
    </Image>
    <Image Include="..\..\..\..\Desktop\multi.bmp">
      <Filter>Файлы ресурсов</Filter>
    </Image>
    <Image Include="..\..\..\..\Desktop\d_b.bmp">
      <Filter>Файлы ресурсов</Filter>
    </Image>
    <Image Include="..\..\..\..\Desktop\play_stop.bmp">
      <Filter>Файлы ресурсов</Filter>
    </Image>
    <Image Include="..\..\..\..\Desktop\ифтфтф.bmp">
      <Filter>Файлы ресурсов</Filter>
    </Image>
    <Image Include="..\..\..\..\Desktop\ff.bmp">
      <Filter>Файлы ресурсов</Filter>
    </Image>
    <Image Include="..\..\..\..\Desktop\vol_of.bmp">
      <Filter>Файлы ресурсов</Filter>
    </Image>
    <Image Include="..\..\..\..\Desktop\ffffvol.bmp">
      <Filter>Файлы ресурсов</Filter>
    </Image>
    <Image Include="..\..\..\..\desktop\toolbar1.bmp">
      <Filter>Файлы ресурсов</Filter>
    </Image>
  </ItemGroup>
  <ItemGroup>
    <None Include="..\..\..\..\Downloads\left_ptr.cur">
      <Filter>Файлы ресурсов</Filter>
    </None>
  </ItemGroup>
  <ItemGroup>
    <Media Include="..\..\..\..\Desktop\play_music.wav">
      <Filter>Файлы ресурсов</Filter>
    </Media>
  </ItemGroup>
</Project>